# THIS IS AN AUTOGENERATED FILE. DO NOT EDIT THIS FILE DIRECTLY.
# yarn lockfile v1


netlify-identity-widget@^1.9.2:
  version "1.9.2"
  resolved "https://registry.yarnpkg.com/netlify-identity-widget/-/netlify-identity-widget-1.9.2.tgz#4339c9155fc4c2570ae3ddd61825d952b574b02e"
  integrity sha512-IbS1JHhs7BflCCvp3C9f6tmNSZqbyBhZ4Gs5+Qxt4IlPybTOVv0PqJ4TAsA7uxh1R+oXOAmk0OOMAkEaPYeCtA==
